
Microsoft Visual Studio Solution File, Format Version 12.00
# Visual Studio 15
VisualStudioVersion = 15.0.25807.0
MinimumVisualStudioVersion = 10.0.40219.1
Project("{2150E333-8FDC-42A3-9474-1A3956D46DE8}") = "Engine", "Engine", "{04CE65DA-4AAE-485D-9E6E-C72CD152ACF7}"
EndProject
Project("{2150E333-8FDC-42A3-9474-1A3956D46DE8}") = "Games", "Games", "{41A09977-825B-4E55-9B4D-CC1F36DE5683}"
EndProject
Project("{8BC9CEB8-8B4A-11D0-8D11-00A0C91BC942}") = "UE4", "Intermediate\ProjectFiles\UE4.vcxproj", "{367AE610-12E8-4F96-9F70-29E525834418}"
EndProject
Project("{8BC9CEB8-8B4A-11D0-8D11-00A0C91BC942}") = "UE_BuildingEscape", "Intermediate\ProjectFiles\UE_BuildingEscape.vcxproj", "{29622AAB-9919-40DF-A1F6-58C86DF48533}"
EndProject
Global
	GlobalSection(SolutionConfigurationPlatforms) = preSolution
		DebugGame Editor|HTML5 = DebugGame Editor|HTML5
		DebugGame Editor|Win32 = DebugGame Editor|Win32
		DebugGame Editor|Win64 = DebugGame Editor|Win64
		DebugGame|HTML5 = DebugGame|HTML5
		DebugGame|Win32 = DebugGame|Win32
		DebugGame|Win64 = DebugGame|Win64
		Development Editor|HTML5 = Development Editor|HTML5
		Development Editor|Win32 = Development Editor|Win32
		Development Editor|Win64 = Development Editor|Win64
		Development|HTML5 = Development|HTML5
		Development|Win32 = Development|Win32
		Development|Win64 = Development|Win64
		Shipping|HTML5 = Shipping|HTML5
		Shipping|Win32 = Shipping|Win32
		Shipping|Win64 = Shipping|Win64
	EndGlobalSection
	GlobalSection(ProjectConfigurationPlatforms) = postSolution
		{367AE610-12E8-4F96-9F70-29E525834418}.DebugGame Editor|HTML5.ActiveCfg = BuiltWithUnrealBuildTool|Win32
		{367AE610-12E8-4F96-9F70-29E525834418}.DebugGame Editor|HTML5.Build.0 = BuiltWithUnrealBuildTool|Win32
		{367AE610-12E8-4F96-9F70-29E525834418}.DebugGame Editor|Win32.ActiveCfg = BuiltWithUnrealBuildTool|Win32
		{367AE610-12E8-4F96-9F70-29E525834418}.DebugGame Editor|Win32.Build.0 = BuiltWithUnrealBuildTool|Win32
		{367AE610-12E8-4F96-9F70-29E525834418}.DebugGame Editor|Win64.ActiveCfg = BuiltWithUnrealBuildTool|Win32
		{367AE610-12E8-4F96-9F70-29E525834418}.DebugGame Editor|Win64.Build.0 = BuiltWithUnrealBuildTool|Win32
		{367AE610-12E8-4F96-9F70-29E525834418}.DebugGame|HTML5.ActiveCfg = BuiltWithUnrealBuildTool|Win32
		{367AE610-12E8-4F96-9F70-29E525834418}.DebugGame|HTML5.Build.0 = BuiltWithUnrealBuildTool|Win32
		{367AE610-12E8-4F96-9F70-29E525834418}.DebugGame|Win32.ActiveCfg = BuiltWithUnrealBuildTool|Win32
		{367AE610-12E8-4F96-9F70-29E525834418}.DebugGame|Win32.Build.0 = BuiltWithUnrealBuildTool|Win32
		{367AE610-12E8-4F96-9F70-29E525834418}.DebugGame|Win64.ActiveCfg = BuiltWithUnrealBuildTool|Win32
		{367AE610-12E8-4F96-9F70-29E525834418}.DebugGame|Win64.Build.0 = BuiltWithUnrealBuildTool|Win32
		{367AE610-12E8-4F96-9F70-29E525834418}.Development Editor|HTML5.ActiveCfg = BuiltWithUnrealBuildTool|Win32
		{367AE610-12E8-4F96-9F70-29E525834418}.Development Editor|HTML5.Build.0 = BuiltWithUnrealBuildTool|Win32
		{367AE610-12E8-4F96-9F70-29E525834418}.Development Editor|Win32.ActiveCfg = BuiltWithUnrealBuildTool|Win32
		{367AE610-12E8-4F96-9F70-29E525834418}.Development Editor|Win32.Build.0 = BuiltWithUnrealBuildTool|Win32
		{367AE610-12E8-4F96-9F70-29E525834418}.Development Editor|Win64.ActiveCfg = BuiltWithUnrealBuildTool|Win32
		{367AE610-12E8-4F96-9F70-29E525834418}.Development Editor|Win64.Build.0 = BuiltWithUnrealBuildTool|Win32
		{367AE610-12E8-4F96-9F70-29E525834418}.Development|HTML5.ActiveCfg = BuiltWithUnrealBuildTool|Win32
		{367AE610-12E8-4F96-9F70-29E525834418}.Development|HTML5.Build.0 = BuiltWithUnrealBuildTool|Win32
		{367AE610-12E8-4F96-9F70-29E525834418}.Development|Win32.ActiveCfg = BuiltWithUnrealBuildTool|Win32
		{367AE610-12E8-4F96-9F70-29E525834418}.Development|Win32.Build.0 = BuiltWithUnrealBuildTool|Win32
		{367AE610-12E8-4F96-9F70-29E525834418}.Development|Win64.ActiveCfg = BuiltWithUnrealBuildTool|Win32
		{367AE610-12E8-4F96-9F70-29E525834418}.Development|Win64.Build.0 = BuiltWithUnrealBuildTool|Win32
		{367AE610-12E8-4F96-9F70-29E525834418}.Shipping|HTML5.ActiveCfg = BuiltWithUnrealBuildTool|Win32
		{367AE610-12E8-4F96-9F70-29E525834418}.Shipping|HTML5.Build.0 = BuiltWithUnrealBuildTool|Win32
		{367AE610-12E8-4F96-9F70-29E525834418}.Shipping|Win32.ActiveCfg = BuiltWithUnrealBuildTool|Win32
		{367AE610-12E8-4F96-9F70-29E525834418}.Shipping|Win32.Build.0 = BuiltWithUnrealBuildTool|Win32
		{367AE610-12E8-4F96-9F70-29E525834418}.Shipping|Win64.ActiveCfg = BuiltWithUnrealBuildTool|Win32
		{367AE610-12E8-4F96-9F70-29E525834418}.Shipping|Win64.Build.0 = BuiltWithUnrealBuildTool|Win32
		{29622AAB-9919-40DF-A1F6-58C86DF48533}.DebugGame Editor|HTML5.ActiveCfg = HTML5_DebugGame_Editor|Win32
		{29622AAB-9919-40DF-A1F6-58C86DF48533}.DebugGame Editor|Win32.ActiveCfg = DebugGame_Editor|Win32
		{29622AAB-9919-40DF-A1F6-58C86DF48533}.DebugGame Editor|Win64.ActiveCfg = DebugGame_Editor|x64
		{29622AAB-9919-40DF-A1F6-58C86DF48533}.DebugGame Editor|Win64.Build.0 = DebugGame_Editor|x64
		{29622AAB-9919-40DF-A1F6-58C86DF48533}.DebugGame|HTML5.ActiveCfg = HTML5_DebugGame_Game|Win32
		{29622AAB-9919-40DF-A1F6-58C86DF48533}.DebugGame|HTML5.Build.0 = HTML5_DebugGame_Game|Win32
		{29622AAB-9919-40DF-A1F6-58C86DF48533}.DebugGame|Win32.ActiveCfg = DebugGame_Game|Win32
		{29622AAB-9919-40DF-A1F6-58C86DF48533}.DebugGame|Win32.Build.0 = DebugGame_Game|Win32
		{29622AAB-9919-40DF-A1F6-58C86DF48533}.DebugGame|Win64.ActiveCfg = DebugGame_Game|x64
		{29622AAB-9919-40DF-A1F6-58C86DF48533}.DebugGame|Win64.Build.0 = DebugGame_Game|x64
		{29622AAB-9919-40DF-A1F6-58C86DF48533}.Development Editor|HTML5.ActiveCfg = HTML5_Development_Editor|Win32
		{29622AAB-9919-40DF-A1F6-58C86DF48533}.Development Editor|Win32.ActiveCfg = Development_Editor|Win32
		{29622AAB-9919-40DF-A1F6-58C86DF48533}.Development Editor|Win64.ActiveCfg = Development_Editor|x64
		{29622AAB-9919-40DF-A1F6-58C86DF48533}.Development Editor|Win64.Build.0 = Development_Editor|x64
		{29622AAB-9919-40DF-A1F6-58C86DF48533}.Development|HTML5.ActiveCfg = HTML5_Development_Game|Win32
		{29622AAB-9919-40DF-A1F6-58C86DF48533}.Development|HTML5.Build.0 = HTML5_Development_Game|Win32
		{29622AAB-9919-40DF-A1F6-58C86DF48533}.Development|Win32.ActiveCfg = Development_Game|Win32
		{29622AAB-9919-40DF-A1F6-58C86DF48533}.Development|Win32.Build.0 = Development_Game|Win32
		{29622AAB-9919-40DF-A1F6-58C86DF48533}.Development|Win64.ActiveCfg = Development_Game|x64
		{29622AAB-9919-40DF-A1F6-58C86DF48533}.Development|Win64.Build.0 = Development_Game|x64
		{29622AAB-9919-40DF-A1F6-58C86DF48533}.Shipping|HTML5.ActiveCfg = HTML5_Shipping_Game|Win32
		{29622AAB-9919-40DF-A1F6-58C86DF48533}.Shipping|HTML5.Build.0 = HTML5_Shipping_Game|Win32
		{29622AAB-9919-40DF-A1F6-58C86DF48533}.Shipping|Win32.ActiveCfg = Shipping_Game|Win32
		{29622AAB-9919-40DF-A1F6-58C86DF48533}.Shipping|Win32.Build.0 = Shipping_Game|Win32
		{29622AAB-9919-40DF-A1F6-58C86DF48533}.Shipping|Win64.ActiveCfg = Shipping_Game|x64
		{29622AAB-9919-40DF-A1F6-58C86DF48533}.Shipping|Win64.Build.0 = Shipping_Game|x64
	EndGlobalSection
	GlobalSection(SolutionProperties) = preSolution
		HideSolutionNode = FALSE
	EndGlobalSection
	GlobalSection(NestedProjects) = preSolution
		{367AE610-12E8-4F96-9F70-29E525834418} = {04CE65DA-4AAE-485D-9E6E-C72CD152ACF7}
		{29622AAB-9919-40DF-A1F6-58C86DF48533} = {41A09977-825B-4E55-9B4D-CC1F36DE5683}
	EndGlobalSection
	GlobalSection(ExtensibilityGlobals) = postSolution
		SolutionGuid = {562EF394-EB82-4744-90A0-3585C1104E48}
	EndGlobalSection
EndGlobal
